
Microsoft Visual Studio Solution File, Format Version 12.00
# Visual Studio 2015
Project("{FAE04EC0-301F-11D3-BF4B-00C04F79EFBC}") = "Woods.CSharp.Plugins", "Woods.CSharp.Plugins.csproj", "{47D9A497-E5B8-784B-8219-2A3DC0A81BA7}"
EndProject
Project("{FAE04EC0-301F-11D3-BF4B-00C04F79EFBC}") = "Woods.CSharp", "Woods.CSharp.csproj", "{7216C8D9-B903-A2C8-E011-4B7CF05F6C2B}"
EndProject
Project("{FAE04EC0-301F-11D3-BF4B-00C04F79EFBC}") = "Woods.CSharp.Editor", "Woods.CSharp.Editor.csproj", "{A5C92412-8CEF-EA3E-701D-2CBA05828016}"
EndProject
Global
	GlobalSection(SolutionConfigurationPlatforms) = preSolution
		Debug|Any CPU = Debug|Any CPU
		Release|Any CPU = Release|Any CPU
	EndGlobalSection
	GlobalSection(ProjectConfigurationPlatforms) = postSolution
		{47D9A497-E5B8-784B-8219-2A3DC0A81BA7}.Debug|Any CPU.ActiveCfg = Debug|Any CPU
		{47D9A497-E5B8-784B-8219-2A3DC0A81BA7}.Debug|Any CPU.Build.0 = Debug|Any CPU
		{47D9A497-E5B8-784B-8219-2A3DC0A81BA7}.Release|Any CPU.ActiveCfg = Release|Any CPU
		{47D9A497-E5B8-784B-8219-2A3DC0A81BA7}.Release|Any CPU.Build.0 = Release|Any CPU
		{7216C8D9-B903-A2C8-E011-4B7CF05F6C2B}.Debug|Any CPU.ActiveCfg = Debug|Any CPU
		{7216C8D9-B903-A2C8-E011-4B7CF05F6C2B}.Debug|Any CPU.Build.0 = Debug|Any CPU
		{7216C8D9-B903-A2C8-E011-4B7CF05F6C2B}.Release|Any CPU.ActiveCfg = Release|Any CPU
		{7216C8D9-B903-A2C8-E011-4B7CF05F6C2B}.Release|Any CPU.Build.0 = Release|Any CPU
		{A5C92412-8CEF-EA3E-701D-2CBA05828016}.Debug|Any CPU.ActiveCfg = Debug|Any CPU
		{A5C92412-8CEF-EA3E-701D-2CBA05828016}.Debug|Any CPU.Build.0 = Debug|Any CPU
		{A5C92412-8CEF-EA3E-701D-2CBA05828016}.Release|Any CPU.ActiveCfg = Release|Any CPU
		{A5C92412-8CEF-EA3E-701D-2CBA05828016}.Release|Any CPU.Build.0 = Release|Any CPU
	EndGlobalSection
	GlobalSection(SolutionProperties) = preSolution
		HideSolutionNode = FALSE
	EndGlobalSection
EndGlobal
